
Microsoft Visual Studio Solution File, Format Version 12.00
# Visual Studio 15
VisualStudioVersion = 15.0.28307.539
MinimumVisualStudioVersion = 10.0.40219.1
Project("{2150E333-8FDC-42A3-9474-1A3956D46DE8}") = "Src", "Src", "{1F6D215C-520D-4B4F-A360-B61831FD7C56}"
EndProject
Project("{2150E333-8FDC-42A3-9474-1A3956D46DE8}") = "Common", "Common", "{6653F674-255C-4CC3-AFBD-BFE02DB42384}"
EndProject
Project("{9A19103F-16F7-4668-BE54-9A1E7A4F7556}") = "CvsHealthCare.CqrsMediator.Common", "CvsHealthCare.CqrsMediator.Common\CvsHealthCare.CqrsMediator.Common.csproj", "{1B5534DD-7983-4F2E-846C-E78E1743E396}"
EndProject
Project("{2150E333-8FDC-42A3-9474-1A3956D46DE8}") = "Core", "Core", "{4C1759A8-E1A5-4123-BB7D-2075E9E0F756}"
EndProject
Project("{9A19103F-16F7-4668-BE54-9A1E7A4F7556}") = "CvsHealthCare.CqrsMediator.Domain", "CvsHealthCare.CqrsMediator.Domain\CvsHealthCare.CqrsMediator.Domain.csproj", "{CDEC0BD9-F626-4F3B-84B6-501A7104A79E}"
EndProject
Project("{9A19103F-16F7-4668-BE54-9A1E7A4F7556}") = "CvsHealthCare.CqrsMediator.Application", "CvsHealthCare.CqrsMediator.Application\CvsHealthCare.CqrsMediator.Application.csproj", "{851D7C24-AB5A-43B6-AFF8-F301DB4F55BF}"
EndProject
Project("{2150E333-8FDC-42A3-9474-1A3956D46DE8}") = "Presentation", "Presentation", "{35EC7E04-891B-405D-B7D5-DF0F441942EF}"
EndProject
Project("{FAE04EC0-301F-11D3-BF4B-00C04F79EFBC}") = "CvsHealthCare.CqrsMediator.WebApi", "CvsHealthCare.CqrsMediator.WebApi\CvsHealthCare.CqrsMediator.WebApi.csproj", "{285C64E1-DDF6-4C55-A7D8-F9A982591398}"
EndProject
Project("{2150E333-8FDC-42A3-9474-1A3956D46DE8}") = "Infrastructure", "Infrastructure", "{40F4E1B3-892B-4921-AFDB-7F540A04443B}"
EndProject
Project("{FAE04EC0-301F-11D3-BF4B-00C04F79EFBC}") = "CvsHealthCare.CqrsMediator.Infrastructure", "CvsHealthCare.CqrsMediator.Infrastructure\CvsHealthCare.CqrsMediator.Infrastructure.csproj", "{7E10FE13-71A1-40F1-AA90-B76A5526C756}"
EndProject
Project("{FAE04EC0-301F-11D3-BF4B-00C04F79EFBC}") = "CvsHealthCare.CqrsMediator.Persistence", "CvsHealthCare.CqrsMediator.Persistence\CvsHealthCare.CqrsMediator.Persistence.csproj", "{279FE69D-D0B0-4B33-96E6-57A32602E363}"
EndProject
Global
	GlobalSection(SolutionConfigurationPlatforms) = preSolution
		Debug|Any CPU = Debug|Any CPU
		Release|Any CPU = Release|Any CPU
	EndGlobalSection
	GlobalSection(ProjectConfigurationPlatforms) = postSolution
		{1B5534DD-7983-4F2E-846C-E78E1743E396}.Debug|Any CPU.ActiveCfg = Debug|Any CPU
		{1B5534DD-7983-4F2E-846C-E78E1743E396}.Debug|Any CPU.Build.0 = Debug|Any CPU
		{1B5534DD-7983-4F2E-846C-E78E1743E396}.Release|Any CPU.ActiveCfg = Release|Any CPU
		{1B5534DD-7983-4F2E-846C-E78E1743E396}.Release|Any CPU.Build.0 = Release|Any CPU
		{CDEC0BD9-F626-4F3B-84B6-501A7104A79E}.Debug|Any CPU.ActiveCfg = Debug|Any CPU
		{CDEC0BD9-F626-4F3B-84B6-501A7104A79E}.Debug|Any CPU.Build.0 = Debug|Any CPU
		{CDEC0BD9-F626-4F3B-84B6-501A7104A79E}.Release|Any CPU.ActiveCfg = Release|Any CPU
		{CDEC0BD9-F626-4F3B-84B6-501A7104A79E}.Release|Any CPU.Build.0 = Release|Any CPU
		{851D7C24-AB5A-43B6-AFF8-F301DB4F55BF}.Debug|Any CPU.ActiveCfg = Debug|Any CPU
		{851D7C24-AB5A-43B6-AFF8-F301DB4F55BF}.Debug|Any CPU.Build.0 = Debug|Any CPU
		{851D7C24-AB5A-43B6-AFF8-F301DB4F55BF}.Release|Any CPU.ActiveCfg = Release|Any CPU
		{851D7C24-AB5A-43B6-AFF8-F301DB4F55BF}.Release|Any CPU.Build.0 = Release|Any CPU
		{285C64E1-DDF6-4C55-A7D8-F9A982591398}.Debug|Any CPU.ActiveCfg = Debug|Any CPU
		{285C64E1-DDF6-4C55-A7D8-F9A982591398}.Debug|Any CPU.Build.0 = Debug|Any CPU
		{285C64E1-DDF6-4C55-A7D8-F9A982591398}.Release|Any CPU.ActiveCfg = Release|Any CPU
		{285C64E1-DDF6-4C55-A7D8-F9A982591398}.Release|Any CPU.Build.0 = Release|Any CPU
		{7E10FE13-71A1-40F1-AA90-B76A5526C756}.Debug|Any CPU.ActiveCfg = Debug|Any CPU
		{7E10FE13-71A1-40F1-AA90-B76A5526C756}.Debug|Any CPU.Build.0 = Debug|Any CPU
		{7E10FE13-71A1-40F1-AA90-B76A5526C756}.Release|Any CPU.ActiveCfg = Release|Any CPU
		{7E10FE13-71A1-40F1-AA90-B76A5526C756}.Release|Any CPU.Build.0 = Release|Any CPU
		{279FE69D-D0B0-4B33-96E6-57A32602E363}.Debug|Any CPU.ActiveCfg = Debug|Any CPU
		{279FE69D-D0B0-4B33-96E6-57A32602E363}.Debug|Any CPU.Build.0 = Debug|Any CPU
		{279FE69D-D0B0-4B33-96E6-57A32602E363}.Release|Any CPU.ActiveCfg = Release|Any CPU
		{279FE69D-D0B0-4B33-96E6-57A32602E363}.Release|Any CPU.Build.0 = Release|Any CPU
	EndGlobalSection
	GlobalSection(SolutionProperties) = preSolution
		HideSolutionNode = FALSE
	EndGlobalSection
	GlobalSection(NestedProjects) = preSolution
		{6653F674-255C-4CC3-AFBD-BFE02DB42384} = {1F6D215C-520D-4B4F-A360-B61831FD7C56}
		{1B5534DD-7983-4F2E-846C-E78E1743E396} = {6653F674-255C-4CC3-AFBD-BFE02DB42384}
		{4C1759A8-E1A5-4123-BB7D-2075E9E0F756} = {1F6D215C-520D-4B4F-A360-B61831FD7C56}
		{CDEC0BD9-F626-4F3B-84B6-501A7104A79E} = {4C1759A8-E1A5-4123-BB7D-2075E9E0F756}
		{851D7C24-AB5A-43B6-AFF8-F301DB4F55BF} = {4C1759A8-E1A5-4123-BB7D-2075E9E0F756}
		{35EC7E04-891B-405D-B7D5-DF0F441942EF} = {1F6D215C-520D-4B4F-A360-B61831FD7C56}
		{285C64E1-DDF6-4C55-A7D8-F9A982591398} = {35EC7E04-891B-405D-B7D5-DF0F441942EF}
		{40F4E1B3-892B-4921-AFDB-7F540A04443B} = {4C1759A8-E1A5-4123-BB7D-2075E9E0F756}
		{7E10FE13-71A1-40F1-AA90-B76A5526C756} = {40F4E1B3-892B-4921-AFDB-7F540A04443B}
		{279FE69D-D0B0-4B33-96E6-57A32602E363} = {40F4E1B3-892B-4921-AFDB-7F540A04443B}
	EndGlobalSection
	GlobalSection(ExtensibilityGlobals) = postSolution
		SolutionGuid = {9FD81476-458C-4D12-94B2-6DF33DAC5F1D}
	EndGlobalSection
EndGlobal
